schema: '2.0'
stages:
  prepare:
    cmd: python src/prepare.py
    deps:
    - path: data/raw/data.csv
      hash: md5
      md5: 4d301abed5efe50eccda350cde38e0eb
      size: 2777
    - path: src/prepare.py
      hash: md5
      md5: df00b185578ad64eaf5e10511dbd895a
      size: 370
    outs:
    - path: data/processed
      hash: md5
      md5: 46ed0bf8a58653acc718881c21a1fa00.dir
      size: 2854
      nfiles: 2
  train:
    cmd: python src/train.py
    deps:
    - path: data/processed
      hash: md5
      md5: 46ed0bf8a58653acc718881c21a1fa00.dir
      size: 2854
      nfiles: 2
    - path: src/train.py
      hash: md5
      md5: b24d2aa540d5faad537ef08a9a014970
      size: 368
    outs:
    - path: model.pkl
      hash: md5
      md5: 56c45053f32a4f74d64222b479fdad1d
      size: 177393
